# Analyzer pins (v5.1 §4.4). Protected path (§11.2): an agent
# that can bump Ruff can shift every ratchet reference without
# touching a threshold. Exact versions, never ranges.
#
# runner/spec identity (distribution spec §10, §13): recorded
# here AND in the report so a failure six months old is
# debuggable against the exact spec the runner implements.
schema_version = 1
runner_version = "0.2.2"
spec_version = "v5.1"
addendum_version = "final"

[tools]
ruff = "0.16.3"
pyright = "1.1.411"
pytest = "9.1.1"
pytest-cov = "7.0.0"
semgrep = "1.173.0"
xenon = "0.9.3"
deptry = "0.25.1"
pip-audit = "2.10.1"
pyscn = "1.29.1"
